// !$*UTF8*$!
{
	archiveVersion = 1;
	classes = {
	};
	objectVersion = 50;
	objects = {

/* Begin PBXBuildFile section */
		CF0B6A8420A2637C000A7CB1 /* SpilViewController.swift in Sources */ = {isa = PBXBuildFile; fileRef = CF0B6A8320A2637C000A7CB1 /* SpilViewController.swift */; };
		CF0B6A8620A26397000A7CB1 /* MenuViewController.swift in Sources */ = {isa = PBXBuildFile; fileRef = CF0B6A8520A26397000A7CB1 /* MenuViewController.swift */; };
		CFAF0538209D18D900271774 /* knap0.png in Resources */ = {isa = PBXBuildFile; fileRef = CFAF0535209D18D900271774 /* knap0.png */; };
		CFAF0539209D18D900271774 /* knap1.png in Resources */ = {isa = PBXBuildFile; fileRef = CFAF0536209D18D900271774 /* knap1.png */; };
		CFAF053A209D18D900271774 /* knap2.png in Resources */ = {isa = PBXBuildFile; fileRef = CFAF0537209D18D900271774 /* knap2.png */; };
		CFAF0540209D18F200271774 /* knap6.png in Resources */ = {isa = PBXBuildFile; fileRef = CFAF053B209D18F100271774 /* knap6.png */; };
		CFAF0541209D18F200271774 /* knap4.png in Resources */ = {isa = PBXBuildFile; fileRef = CFAF053C209D18F100271774 /* knap4.png */; };
		CFAF0542209D18F200271774 /* knap3.png in Resources */ = {isa = PBXBuildFile; fileRef = CFAF053D209D18F200271774 /* knap3.png */; };
		CFAF0543209D18F200271774 /* knap7.png in Resources */ = {isa = PBXBuildFile; fileRef = CFAF053E209D18F200271774 /* knap7.png */; };
		CFAF0544209D18F200271774 /* knap5.png in Resources */ = {isa = PBXBuildFile; fileRef = CFAF053F209D18F200271774 /* knap5.png */; };
		CFAF0549209D198100271774 /* magnetic3.png in Resources */ = {isa = PBXBuildFile; fileRef = CFAF0545209D198100271774 /* magnetic3.png */; };
		CFAF054A209D198100271774 /* magnetic4.png in Resources */ = {isa = PBXBuildFile; fileRef = CFAF0546209D198100271774 /* magnetic4.png */; };
		CFAF054B209D198100271774 /* magnetic2.png in Resources */ = {isa = PBXBuildFile; fileRef = CFAF0547209D198100271774 /* magnetic2.png */; };
		CFAF054C209D198100271774 /* magnetic5.png in Resources */ = {isa = PBXBuildFile; fileRef = CFAF0548209D198100271774 /* magnetic5.png */; };
		CFAF054E209D198A00271774 /* magnetic1.png in Resources */ = {isa = PBXBuildFile; fileRef = CFAF054D209D198A00271774 /* magnetic1.png */; };
		CFAF0551209D199D00271774 /* nonmagnetic2.png in Resources */ = {isa = PBXBuildFile; fileRef = CFAF054F209D199D00271774 /* nonmagnetic2.png */; };
		CFAF0552209D199D00271774 /* nonmagnetic1.png in Resources */ = {isa = PBXBuildFile; fileRef = CFAF0550209D199D00271774 /* nonmagnetic1.png */; };
		CFAF0556209D19A600271774 /* nonmagnetic4.png in Resources */ = {isa = PBXBuildFile; fileRef = CFAF0553209D19A600271774 /* nonmagnetic4.png */; };
		CFAF0557209D19A600271774 /* nonmagnetic5.png in Resources */ = {isa = PBXBuildFile; fileRef = CFAF0554209D19A600271774 /* nonmagnetic5.png */; };
		CFAF0558209D19A600271774 /* nonmagnetic3.png in Resources */ = {isa = PBXBuildFile; fileRef = CFAF0555209D19A600271774 /* nonmagnetic3.png */; };
		CFB73C5F20A3401900BB1118 /* ScanMenuViewController.swift in Sources */ = {isa = PBXBuildFile; fileRef = CFB73C5E20A3401900BB1118 /* ScanMenuViewController.swift */; };
		CFB73C6120A340A700BB1118 /* ScanMedAppViewController.swift in Sources */ = {isa = PBXBuildFile; fileRef = CFB73C6020A340A700BB1118 /* ScanMedAppViewController.swift */; };
		CFB73C6420A3417200BB1118 /* man0.png in Resources */ = {isa = PBXBuildFile; fileRef = CFB73C6220A3417100BB1118 /* man0.png */; };
		CFB73C6520A3417200BB1118 /* man1.png in Resources */ = {isa = PBXBuildFile; fileRef = CFB73C6320A3417200BB1118 /* man1.png */; };
		CFB73C6720A34D9100BB1118 /* tilbage.png in Resources */ = {isa = PBXBuildFile; fileRef = CFB73C6620A34D9000BB1118 /* tilbage.png */; };
		CFB73C6920A352B600BB1118 /* buttonclick.mp3 in Resources */ = {isa = PBXBuildFile; fileRef = CFB73C6820A352B600BB1118 /* buttonclick.mp3 */; };
		CFB73C6B20A356BE00BB1118 /* chime_bell_ding.wav in Resources */ = {isa = PBXBuildFile; fileRef = CFB73C6A20A356BD00BB1118 /* chime_bell_ding.wav */; };
		CFB73C6D20A3579900BB1118 /* mri_scan_sound.mp3 in Resources */ = {isa = PBXBuildFile; fileRef = CFB73C6C20A3579800BB1118 /* mri_scan_sound.mp3 */; };
		CFC4E25020973FCC009943C5 /* AppDelegate.swift in Sources */ = {isa = PBXBuildFile; fileRef = CFC4E24F20973FCC009943C5 /* AppDelegate.swift */; };
		CFC4E25220973FCC009943C5 /* InfoViewController.swift in Sources */ = {isa = PBXBuildFile; fileRef = CFC4E25120973FCC009943C5 /* InfoViewController.swift */; };
		CFC4E25520973FCC009943C5 /* Main.storyboard in Resources */ = {isa = PBXBuildFile; fileRef = CFC4E25320973FCC009943C5 /* Main.storyboard */; };
		CFC4E25720973FCC009943C5 /* Assets.xcassets in Resources */ = {isa = PBXBuildFile; fileRef = CFC4E25620973FCC009943C5 /* Assets.xcassets */; };
		CFC4E25A20973FCC009943C5 /* LaunchScreen.storyboard in Resources */ = {isa = PBXBuildFile; fileRef = CFC4E25820973FCC009943C5 /* LaunchScreen.storyboard */; };
		CFC4E26520973FCC009943C5 /* MRMiniTests.swift in Sources */ = {isa = PBXBuildFile; fileRef = CFC4E26420973FCC009943C5 /* MRMiniTests.swift */; };
		CFC4E27020973FCD009943C5 /* MRMiniUITests.swift in Sources */ = {isa = PBXBuildFile; fileRef = CFC4E26F20973FCD009943C5 /* MRMiniUITests.swift */; };
/* End PBXBuildFile section */

/* Begin PBXContainerItemProxy section */
		CFC4E26120973FCC009943C5 /* PBXContainerItemProxy */ = {
			isa = PBXContainerItemProxy;
			containerPortal = CFC4E24420973FCC009943C5 /* Project object */;
			proxyType = 1;
			remoteGlobalIDString = CFC4E24B20973FCC009943C5;
			remoteInfo = MRMini;
		};
		CFC4E26C20973FCD009943C5 /* PBXContainerItemProxy */ = {
			isa = PBXContainerItemProxy;
			containerPortal = CFC4E24420973FCC009943C5 /* Project object */;
			proxyType = 1;
			remoteGlobalIDString = CFC4E24B20973FCC009943C5;
			remoteInfo = MRMini;
		};
/* End PBXContainerItemProxy section */

/* Begin PBXFileReference section */
		CF0B6A8320A2637C000A7CB1 /* SpilViewController.swift */ = {isa = PBXFileReference; lastKnownFileType = sourcecode.swift; path = SpilViewController.swift; sourceTree = "<group>"; };
		CF0B6A8520A26397000A7CB1 /* MenuViewController.swift */ = {isa = PBXFileReference; lastKnownFileType = sourcecode.swift; path = MenuViewController.swift; sourceTree = "<group>"; };
		CFAF0535209D18D900271774 /* knap0.png */ = {isa = PBXFileReference; lastKnownFileType = image.png; path = knap0.png; sourceTree = "<group>"; };
		CFAF0536209D18D900271774 /* knap1.png */ = {isa = PBXFileReference; lastKnownFileType = image.png; path = knap1.png; sourceTree = "<group>"; };
		CFAF0537209D18D900271774 /* knap2.png */ = {isa = PBXFileReference; lastKnownFileType = image.png; path = knap2.png; sourceTree = "<group>"; };
		CFAF053B209D18F100271774 /* knap6.png */ = {isa = PBXFileReference; lastKnownFileType = image.png; path = knap6.png; sourceTree = "<group>"; };
		CFAF053C209D18F100271774 /* knap4.png */ = {isa = PBXFileReference; lastKnownFileType = image.png; path = knap4.png; sourceTree = "<group>"; };
		CFAF053D209D18F200271774 /* knap3.png */ = {isa = PBXFileReference; lastKnownFileType = image.png; path = knap3.png; sourceTree = "<group>"; };
		CFAF053E209D18F200271774 /* knap7.png */ = {isa = PBXFileReference; lastKnownFileType = image.png; path = knap7.png; sourceTree = "<group>"; };
		CFAF053F209D18F200271774 /* knap5.png */ = {isa = PBXFileReference; lastKnownFileType = image.png; path = knap5.png; sourceTree = "<group>"; };
		CFAF0545209D198100271774 /* magnetic3.png */ = {isa = PBXFileReference; lastKnownFileType = image.png; path = magnetic3.png; sourceTree = "<group>"; };
		CFAF0546209D198100271774 /* magnetic4.png */ = {isa = PBXFileReference; lastKnownFileType = image.png; path = magnetic4.png; sourceTree = "<group>"; };
		CFAF0547209D198100271774 /* magnetic2.png */ = {isa = PBXFileReference; lastKnownFileType = image.png; path = magnetic2.png; sourceTree = "<group>"; };
		CFAF0548209D198100271774 /* magnetic5.png */ = {isa = PBXFileReference; lastKnownFileType = image.png; path = magnetic5.png; sourceTree = "<group>"; };
		CFAF054D209D198A00271774 /* magnetic1.png */ = {isa = PBXFileReference; lastKnownFileType = image.png; path = magnetic1.png; sourceTree = "<group>"; };
		CFAF054F209D199D00271774 /* nonmagnetic2.png */ = {isa = PBXFileReference; lastKnownFileType = image.png; path = nonmagnetic2.png; sourceTree = "<group>"; };
		CFAF0550209D199D00271774 /* nonmagnetic1.png */ = {isa = PBXFileReference; lastKnownFileType = image.png; path = nonmagnetic1.png; sourceTree = "<group>"; };
		CFAF0553209D19A600271774 /* nonmagnetic4.png */ = {isa = PBXFileReference; lastKnownFileType = image.png; path = nonmagnetic4.png; sourceTree = "<group>"; };
		CFAF0554209D19A600271774 /* nonmagnetic5.png */ = {isa = PBXFileReference; lastKnownFileType = image.png; path = nonmagnetic5.png; sourceTree = "<group>"; };
		CFAF0555209D19A600271774 /* nonmagnetic3.png */ = {isa = PBXFileReference; lastKnownFileType = image.png; path = nonmagnetic3.png; sourceTree = "<group>"; };
		CFB73C5E20A3401900BB1118 /* ScanMenuViewController.swift */ = {isa = PBXFileReference; lastKnownFileType = sourcecode.swift; path = ScanMenuViewController.swift; sourceTree = "<group>"; };
		CFB73C6020A340A700BB1118 /* ScanMedAppViewController.swift */ = {isa = PBXFileReference; lastKnownFileType = sourcecode.swift; path = ScanMedAppViewController.swift; sourceTree = "<group>"; };
		CFB73C6220A3417100BB1118 /* man0.png */ = {isa = PBXFileReference; lastKnownFileType = image.png; path = man0.png; sourceTree = "<group>"; };
		CFB73C6320A3417200BB1118 /* man1.png */ = {isa = PBXFileReference; lastKnownFileType = image.png; path = man1.png; sourceTree = "<group>"; };
		CFB73C6620A34D9000BB1118 /* tilbage.png */ = {isa = PBXFileReference; lastKnownFileType = image.png; path = tilbage.png; sourceTree = "<group>"; };
		CFB73C6820A352B600BB1118 /* buttonclick.mp3 */ = {isa = PBXFileReference; lastKnownFileType = audio.mp3; path = buttonclick.mp3; sourceTree = "<group>"; };
		CFB73C6A20A356BD00BB1118 /* chime_bell_ding.wav */ = {isa = PBXFileReference; lastKnownFileType = audio.wav; path = chime_bell_ding.wav; sourceTree = "<group>"; };
		CFB73C6C20A3579800BB1118 /* mri_scan_sound.mp3 */ = {isa = PBXFileReference; lastKnownFileType = audio.mp3; path = mri_scan_sound.mp3; sourceTree = "<group>"; };
		CFC4E24C20973FCC009943C5 /* MRMini.app */ = {isa = PBXFileReference; explicitFileType = wrapper.application; includeInIndex = 0; path = MRMini.app; sourceTree = BUILT_PRODUCTS_DIR; };
		CFC4E24F20973FCC009943C5 /* AppDelegate.swift */ = {isa = PBXFileReference; lastKnownFileType = sourcecode.swift; path = AppDelegate.swift; sourceTree = "<group>"; };
		CFC4E25120973FCC009943C5 /* InfoViewController.swift */ = {isa = PBXFileReference; lastKnownFileType = sourcecode.swift; path = InfoViewController.swift; sourceTree = "<group>"; };
		CFC4E25420973FCC009943C5 /* Base */ = {isa = PBXFileReference; lastKnownFileType = file.storyboard; name = Base; path = Base.lproj/Main.storyboard; sourceTree = "<group>"; };
		CFC4E25620973FCC009943C5 /* Assets.xcassets */ = {isa = PBXFileReference; lastKnownFileType = folder.assetcatalog; path = Assets.xcassets; sourceTree = "<group>"; };
		CFC4E25920973FCC009943C5 /* Base */ = {isa = PBXFileReference; lastKnownFileType = file.storyboard; name = Base; path = Base.lproj/LaunchScreen.storyboard; sourceTree = "<group>"; };
		CFC4E25B20973FCC009943C5 /* Info.plist */ = {isa = PBXFileReference; lastKnownFileType = text.plist.xml; path = Info.plist; sourceTree = "<group>"; };
		CFC4E26020973FCC009943C5 /* MRMiniTests.xctest */ = {isa = PBXFileReference; explicitFileType = wrapper.cfbundle; includeInIndex = 0; path = MRMiniTests.xctest; sourceTree = BUILT_PRODUCTS_DIR; };
		CFC4E26420973FCC009943C5 /* MRMiniTests.swift */ = {isa = PBXFileReference; lastKnownFileType = sourcecode.swift; path = MRMiniTests.swift; sourceTree = "<group>"; };
		CFC4E26620973FCD009943C5 /* Info.plist */ = {isa = PBXFileReference; lastKnownFileType = text.plist.xml; path = Info.plist; sourceTree = "<group>"; };
		CFC4E26B20973FCD009943C5 /* MRMiniUITests.xctest */ = {isa = PBXFileReference; explicitFileType = wrapper.cfbundle; includeInIndex = 0; path = MRMiniUITests.xctest; sourceTree = BUILT_PRODUCTS_DIR; };
		CFC4E26F20973FCD009943C5 /* MRMiniUITests.swift */ = {isa = PBXFileReference; lastKnownFileType = sourcecode.swift; path = MRMiniUITests.swift; sourceTree = "<group>"; };
		CFC4E27120973FCD009943C5 /* Info.plist */ = {isa = PBXFileReference; lastKnownFileType = text.plist.xml; path = Info.plist; sourceTree = "<group>"; };
/* End PBXFileReference section */

/* Begin PBXFrameworksBuildPhase section */
		CFC4E24920973FCC009943C5 /* Frameworks */ = {
			isa = PBXFrameworksBuildPhase;
			buildActionMask = 2147483647;
			files = (
			);
			runOnlyForDeploymentPostprocessing = 0;
		};
		CFC4E25D20973FCC009943C5 /* Frameworks */ = {
			isa = PBXFrameworksBuildPhase;
			buildActionMask = 2147483647;
			files = (
			);
			runOnlyForDeploymentPostprocessing = 0;
		};
		CFC4E26820973FCD009943C5 /* Frameworks */ = {
			isa = PBXFrameworksBuildPhase;
			buildActionMask = 2147483647;
			files = (
			);
			runOnlyForDeploymentPostprocessing = 0;
		};
/* End PBXFrameworksBuildPhase section */

/* Begin PBXGroup section */
		CF0B6A8020A2234F000A7CB1 /* UI */ = {
			isa = PBXGroup;
			children = (
				CFB73C6620A34D9000BB1118 /* tilbage.png */,
				CFB73C6220A3417100BB1118 /* man0.png */,
				CFB73C6320A3417200BB1118 /* man1.png */,
				CFAF0536209D18D900271774 /* knap1.png */,
				CFAF0535209D18D900271774 /* knap0.png */,
				CFAF0537209D18D900271774 /* knap2.png */,
				CFAF053D209D18F200271774 /* knap3.png */,
				CFAF053C209D18F100271774 /* knap4.png */,
				CFAF053F209D18F200271774 /* knap5.png */,
				CFAF053B209D18F100271774 /* knap6.png */,
				CFAF053E209D18F200271774 /* knap7.png */,
				CFAF0547209D198100271774 /* magnetic2.png */,
				CFAF0545209D198100271774 /* magnetic3.png */,
				CFAF0546209D198100271774 /* magnetic4.png */,
				CFAF0548209D198100271774 /* magnetic5.png */,
				CFAF054D209D198A00271774 /* magnetic1.png */,
				CFAF0550209D199D00271774 /* nonmagnetic1.png */,
				CFAF054F209D199D00271774 /* nonmagnetic2.png */,
				CFAF0555209D19A600271774 /* nonmagnetic3.png */,
				CFAF0553209D19A600271774 /* nonmagnetic4.png */,
				CFAF0554209D19A600271774 /* nonmagnetic5.png */,
			);
			path = UI;
			sourceTree = "<group>";
		};
		CFC4E24320973FCC009943C5 = {
			isa = PBXGroup;
			children = (
				CFC4E24E20973FCC009943C5 /* MRMini */,
				CFC4E26320973FCC009943C5 /* MRMiniTests */,
				CFC4E26E20973FCD009943C5 /* MRMiniUITests */,
				CFC4E24D20973FCC009943C5 /* Products */,
			);
			sourceTree = "<group>";
		};
		CFC4E24D20973FCC009943C5 /* Products */ = {
			isa = PBXGroup;
			children = (
				CFC4E24C20973FCC009943C5 /* MRMini.app */,
				CFC4E26020973FCC009943C5 /* MRMiniTests.xctest */,
				CFC4E26B20973FCD009943C5 /* MRMiniUITests.xctest */,
			);
			name = Products;
			sourceTree = "<group>";
		};
		CFC4E24E20973FCC009943C5 /* MRMini */ = {
			isa = PBXGroup;
			children = (
				CFC4E24F20973FCC009943C5 /* AppDelegate.swift */,
				CF0B6A8520A26397000A7CB1 /* MenuViewController.swift */,
				CFC4E25120973FCC009943C5 /* InfoViewController.swift */,
				CF0B6A8320A2637C000A7CB1 /* SpilViewController.swift */,
				CFB73C5E20A3401900BB1118 /* ScanMenuViewController.swift */,
				CFB73C6020A340A700BB1118 /* ScanMedAppViewController.swift */,
				CFC4E25320973FCC009943C5 /* Main.storyboard */,
				CFC4E25620973FCC009943C5 /* Assets.xcassets */,
				CFB73C6820A352B600BB1118 /* buttonclick.mp3 */,
				CFB73C6A20A356BD00BB1118 /* chime_bell_ding.wav */,
				CFB73C6C20A3579800BB1118 /* mri_scan_sound.mp3 */,
				CF0B6A8020A2234F000A7CB1 /* UI */,
				CFC4E25820973FCC009943C5 /* LaunchScreen.storyboard */,
				CFC4E25B20973FCC009943C5 /* Info.plist */,
			);
			path = MRMini;
			sourceTree = "<group>";
		};
		CFC4E26320973FCC009943C5 /* MRMiniTests */ = {
			isa = PBXGroup;
			children = (
				CFC4E26420973FCC009943C5 /* MRMiniTests.swift */,
				CFC4E26620973FCD009943C5 /* Info.plist */,
			);
			path = MRMiniTests;
			sourceTree = "<group>";
		};
		CFC4E26E20973FCD009943C5 /* MRMiniUITests */ = {
			isa = PBXGroup;
			children = (
				CFC4E26F20973FCD009943C5 /* MRMiniUITests.swift */,
				CFC4E27120973FCD009943C5 /* Info.plist */,
			);
			path = MRMiniUITests;
			sourceTree = "<group>";
		};
/* End PBXGroup section */

/* Begin PBXNativeTarget section */
		CFC4E24B20973FCC009943C5 /* MRMini */ = {
			isa = PBXNativeTarget;
			buildConfigurationList = CFC4E27420973FCD009943C5 /* Build configuration list for PBXNativeTarget "MRMini" */;
			buildPhases = (
				CFC4E24820973FCC009943C5 /* Sources */,
				CFC4E24920973FCC009943C5 /* Frameworks */,
				CFC4E24A20973FCC009943C5 /* Resources */,
			);
			buildRules = (
			);
			dependencies = (
			);
			name = MRMini;
			productName = MRMini;
			productReference = CFC4E24C20973FCC009943C5 /* MRMini.app */;
			productType = "com.apple.product-type.application";
		};
		CFC4E25F20973FCC009943C5 /* MRMiniTests */ = {
			isa = PBXNativeTarget;
			buildConfigurationList = CFC4E27720973FCD009943C5 /* Build configuration list for PBXNativeTarget "MRMiniTests" */;
			buildPhases = (
				CFC4E25C20973FCC009943C5 /* Sources */,
				CFC4E25D20973FCC009943C5 /* Frameworks */,
				CFC4E25E20973FCC009943C5 /* Resources */,
			);
			buildRules = (
			);
			dependencies = (
				CFC4E26220973FCC009943C5 /* PBXTargetDependency */,
			);
			name = MRMiniTests;
			productName = MRMiniTests;
			productReference = CFC4E26020973FCC009943C5 /* MRMiniTests.xctest */;
			productType = "com.apple.product-type.bundle.unit-test";
		};
		CFC4E26A20973FCD009943C5 /* MRMiniUITests */ = {
			isa = PBXNativeTarget;
			buildConfigurationList = CFC4E27A20973FCD009943C5 /* Build configuration list for PBXNativeTarget "MRMiniUITests" */;
			buildPhases = (
				CFC4E26720973FCD009943C5 /* Sources */,
				CFC4E26820973FCD009943C5 /* Frameworks */,
				CFC4E26920973FCD009943C5 /* Resources */,
			);
			buildRules = (
			);
			dependencies = (
				CFC4E26D20973FCD009943C5 /* PBXTargetDependency */,
			);
			name = MRMiniUITests;
			productName = MRMiniUITests;
			productReference = CFC4E26B20973FCD009943C5 /* MRMiniUITests.xctest */;
			productType = "com.apple.product-type.bundle.ui-testing";
		};
/* End PBXNativeTarget section */

/* Begin PBXProject section */
		CFC4E24420973FCC009943C5 /* Project object */ = {
			isa = PBXProject;
			attributes = {
				LastSwiftUpdateCheck = 0930;
				LastUpgradeCheck = 0930;
				ORGANIZATIONNAME = "Mehdi Al-alak";
				TargetAttributes = {
					CFC4E24B20973FCC009943C5 = {
						CreatedOnToolsVersion = 9.3;
					};
					CFC4E25F20973FCC009943C5 = {
						CreatedOnToolsVersion = 9.3;
						TestTargetID = CFC4E24B20973FCC009943C5;
					};
					CFC4E26A20973FCD009943C5 = {
						CreatedOnToolsVersion = 9.3;
						TestTargetID = CFC4E24B20973FCC009943C5;
					};
				};
			};
			buildConfigurationList = CFC4E24720973FCC009943C5 /* Build configuration list for PBXProject "MRMini" */;
			compatibilityVersion = "Xcode 9.3";
			developmentRegion = en;
			hasScannedForEncodings = 0;
			knownRegions = (
				en,
				Base,
			);
			mainGroup = CFC4E24320973FCC009943C5;
			productRefGroup = CFC4E24D20973FCC009943C5 /* Products */;
			projectDirPath = "";
			projectRoot = "";
			targets = (
				CFC4E24B20973FCC009943C5 /* MRMini */,
				CFC4E25F20973FCC009943C5 /* MRMiniTests */,
				CFC4E26A20973FCD009943C5 /* MRMiniUITests */,
			);
		};
/* End PBXProject section */

/* Begin PBXResourcesBuildPhase section */
		CFC4E24A20973FCC009943C5 /* Resources */ = {
			isa = PBXResourcesBuildPhase;
			buildActionMask = 2147483647;
			files = (
				CFC4E25A20973FCC009943C5 /* LaunchScreen.storyboard in Resources */,
				CFB73C6420A3417200BB1118 /* man0.png in Resources */,
				CFC4E25720973FCC009943C5 /* Assets.xcassets in Resources */,
				CFAF0541209D18F200271774 /* knap4.png in Resources */,
				CFAF0539209D18D900271774 /* knap1.png in Resources */,
				CFAF0542209D18F200271774 /* knap3.png in Resources */,
				CFAF054C209D198100271774 /* magnetic5.png in Resources */,
				CFB73C6D20A3579900BB1118 /* mri_scan_sound.mp3 in Resources */,
				CFAF0543209D18F200271774 /* knap7.png in Resources */,
				CFAF054B209D198100271774 /* magnetic2.png in Resources */,
				CFB73C6920A352B600BB1118 /* buttonclick.mp3 in Resources */,
				CFAF054A209D198100271774 /* magnetic4.png in Resources */,
				CFAF054E209D198A00271774 /* magnetic1.png in Resources */,
				CFAF0538209D18D900271774 /* knap0.png in Resources */,
				CFAF053A209D18D900271774 /* knap2.png in Resources */,
				CFB73C6B20A356BE00BB1118 /* chime_bell_ding.wav in Resources */,
				CFAF0544209D18F200271774 /* knap5.png in Resources */,
				CFAF0556209D19A600271774 /* nonmagnetic4.png in Resources */,
				CFAF0552209D199D00271774 /* nonmagnetic1.png in Resources */,
				CFB73C6520A3417200BB1118 /* man1.png in Resources */,
				CFAF0540209D18F200271774 /* knap6.png in Resources */,
				CFC4E25520973FCC009943C5 /* Main.storyboard in Resources */,
				CFAF0551209D199D00271774 /* nonmagnetic2.png in Resources */,
				CFAF0549209D198100271774 /* magnetic3.png in Resources */,
				CFAF0558209D19A600271774 /* nonmagnetic3.png in Resources */,
				CFB73C6720A34D9100BB1118 /* tilbage.png in Resources */,
				CFAF0557209D19A600271774 /* nonmagnetic5.png in Resources */,
			);
			runOnlyForDeploymentPostprocessing = 0;
		};
		CFC4E25E20973FCC009943C5 /* Resources */ = {
			isa = PBXResourcesBuildPhase;
			buildActionMask = 2147483647;
			files = (
			);
			runOnlyForDeploymentPostprocessing = 0;
		};
		CFC4E26920973FCD009943C5 /* Resources */ = {
			isa = PBXResourcesBuildPhase;
			buildActionMask = 2147483647;
			files = (
			);
			runOnlyForDeploymentPostprocessing = 0;
		};
/* End PBXResourcesBuildPhase section */

/* Begin PBXSourcesBuildPhase section */
		CFC4E24820973FCC009943C5 /* Sources */ = {
			isa = PBXSourcesBuildPhase;
			buildActionMask = 2147483647;
			files = (
				CFC4E25220973FCC009943C5 /* InfoViewController.swift in Sources */,
				CF0B6A8420A2637C000A7CB1 /* SpilViewController.swift in Sources */,
				CFC4E25020973FCC009943C5 /* AppDelegate.swift in Sources */,
				CF0B6A8620A26397000A7CB1 /* MenuViewController.swift in Sources */,
				CFB73C6120A340A700BB1118 /* ScanMedAppViewController.swift in Sources */,
				CFB73C5F20A3401900BB1118 /* ScanMenuViewController.swift in Sources */,
			);
			runOnlyForDeploymentPostprocessing = 0;
		};
		CFC4E25C20973FCC009943C5 /* Sources */ = {
			isa = PBXSourcesBuildPhase;
			buildActionMask = 2147483647;
			files = (
				CFC4E26520973FCC009943C5 /* MRMiniTests.swift in Sources */,
			);
			runOnlyForDeploymentPostprocessing = 0;
		};
		CFC4E26720973FCD009943C5 /* Sources */ = {
			isa = PBXSourcesBuildPhase;
			buildActionMask = 2147483647;
			files = (
				CFC4E27020973FCD009943C5 /* MRMiniUITests.swift in Sources */,
			);
			runOnlyForDeploymentPostprocessing = 0;
		};
/* End PBXSourcesBuildPhase section */

/* Begin PBXTargetDependency section */
		CFC4E26220973FCC009943C5 /* PBXTargetDependency */ = {
			isa = PBXTargetDependency;
			target = CFC4E24B20973FCC009943C5 /* MRMini */;
			targetProxy = CFC4E26120973FCC009943C5 /* PBXContainerItemProxy */;
		};
		CFC4E26D20973FCD009943C5 /* PBXTargetDependency */ = {
			isa = PBXTargetDependency;
			target = CFC4E24B20973FCC009943C5 /* MRMini */;
			targetProxy = CFC4E26C20973FCD009943C5 /* PBXContainerItemProxy */;
		};
/* End PBXTargetDependency section */

/* Begin PBXVariantGroup section */
		CFC4E25320973FCC009943C5 /* Main.storyboard */ = {
			isa = PBXVariantGroup;
			children = (
				CFC4E25420973FCC009943C5 /* Base */,
			);
			name = Main.storyboard;
			sourceTree = "<group>";
		};
		CFC4E25820973FCC009943C5 /* LaunchScreen.storyboard */ = {
			isa = PBXVariantGroup;
			children = (
				CFC4E25920973FCC009943C5 /* Base */,
			);
			name = LaunchScreen.storyboard;
			sourceTree = "<group>";
		};
/* End PBXVariantGroup section */

/* Begin XCBuildConfiguration section */
		CFC4E27220973FCD009943C5 /* Debug */ = {
			isa = XCBuildConfiguration;
			buildSettings = {
				ALWAYS_SEARCH_USER_PATHS = NO;
				CLANG_ANALYZER_NONNULL = YES;
				CLANG_ANALYZER_NUMBER_OBJECT_CONVERSION = YES_AGGRESSIVE;
				CLANG_CXX_LANGUAGE_STANDARD = "gnu++14";
				CLANG_CXX_LIBRARY = "libc++";
				CLANG_ENABLE_MODULES = YES;
				CLANG_ENABLE_OBJC_ARC = YES;
				CLANG_ENABLE_OBJC_WEAK = YES;
				CLANG_WARN_BLOCK_CAPTURE_AUTORELEASING = YES;
				CLANG_WARN_BOOL_CONVERSION = YES;
				CLANG_WARN_COMMA = YES;
				CLANG_WARN_CONSTANT_CONVERSION = YES;
				CLANG_WARN_DEPRECATED_OBJC_IMPLEMENTATIONS = YES;
				CLANG_WARN_DIRECT_OBJC_ISA_USAGE = YES_ERROR;
				CLANG_WARN_DOCUMENTATION_COMMENTS = YES;
				CLANG_WARN_EMPTY_BODY = YES;
				CLANG_WARN_ENUM_CONVERSION = YES;
				CLANG_WARN_INFINITE_RECURSION = YES;
				CLANG_WARN_INT_CONVERSION = YES;
				CLANG_WARN_NON_LITERAL_NULL_CONVERSION = YES;
				CLANG_WARN_OBJC_IMPLICIT_RETAIN_SELF = YES;
				CLANG_WARN_OBJC_LITERAL_CONVERSION = YES;
				CLANG_WARN_OBJC_ROOT_CLASS = YES_ERROR;
				CLANG_WARN_RANGE_LOOP_ANALYSIS = YES;
				CLANG_WARN_STRICT_PROTOTYPES = YES;
				CLANG_WARN_SUSPICIOUS_MOVE = YES;
				CLANG_WARN_UNGUARDED_AVAILABILITY = YES_AGGRESSIVE;
				CLANG_WARN_UNREACHABLE_CODE = YES;
				CLANG_WARN__DUPLICATE_METHOD_MATCH = YES;
				CODE_SIGN_IDENTITY = "iPhone Developer";
				COPY_PHASE_STRIP = NO;
				DEBUG_INFORMATION_FORMAT = dwarf;
				ENABLE_STRICT_OBJC_MSGSEND = YES;
				ENABLE_TESTABILITY = YES;
				GCC_C_LANGUAGE_STANDARD = gnu11;
				GCC_DYNAMIC_NO_PIC = NO;
				GCC_NO_COMMON_BLOCKS = YES;
				GCC_OPTIMIZATION_LEVEL = 0;
				GCC_PREPROCESSOR_DEFINITIONS = (
					"DEBUG=1",
					"$(inherited)",
				);
				GCC_WARN_64_TO_32_BIT_CONVERSION = YES;
				GCC_WARN_ABOUT_RETURN_TYPE = YES_ERROR;
				GCC_WARN_UNDECLARED_SELECTOR = YES;
				GCC_WARN_UNINITIALIZED_AUTOS = YES_AGGRESSIVE;
				GCC_WARN_UNUSED_FUNCTION = YES;
				GCC_WARN_UNUSED_VARIABLE = YES;
				IPHONEOS_DEPLOYMENT_TARGET = 11.3;
				MTL_ENABLE_DEBUG_INFO = YES;
				ONLY_ACTIVE_ARCH = YES;
				SDKROOT = iphoneos;
				SWIFT_ACTIVE_COMPILATION_CONDITIONS = DEBUG;
				SWIFT_OPTIMIZATION_LEVEL = "-Onone";
			};
			name = Debug;
		};
		CFC4E27320973FCD009943C5 /* Release */ = {
			isa = XCBuildConfiguration;
			buildSettings = {
				ALWAYS_SEARCH_USER_PATHS = NO;
				CLANG_ANALYZER_NONNULL = YES;
				CLANG_ANALYZER_NUMBER_OBJECT_CONVERSION = YES_AGGRESSIVE;
				CLANG_CXX_LANGUAGE_STANDARD = "gnu++14";
				CLANG_CXX_LIBRARY = "libc++";
				CLANG_ENABLE_MODULES = YES;
				CLANG_ENABLE_OBJC_ARC = YES;
				CLANG_ENABLE_OBJC_WEAK = YES;
				CLANG_WARN_BLOCK_CAPTURE_AUTORELEASING = YES;
				CLANG_WARN_BOOL_CONVERSION = YES;
				CLANG_WARN_COMMA = YES;
				CLANG_WARN_CONSTANT_CONVERSION = YES;
				CLANG_WARN_DEPRECATED_OBJC_IMPLEMENTATIONS = YES;
				CLANG_WARN_DIRECT_OBJC_ISA_USAGE = YES_ERROR;
				CLANG_WARN_DOCUMENTATION_COMMENTS = YES;
				CLANG_WARN_EMPTY_BODY = YES;
				CLANG_WARN_ENUM_CONVERSION = YES;
				CLANG_WARN_INFINITE_RECURSION = YES;
				CLANG_WARN_INT_CONVERSION = YES;
				CLANG_WARN_NON_LITERAL_NULL_CONVERSION = YES;
				CLANG_WARN_OBJC_IMPLICIT_RETAIN_SELF = YES;
				CLANG_WARN_OBJC_LITERAL_CONVERSION = YES;
				CLANG_WARN_OBJC_ROOT_CLASS = YES_ERROR;
				CLANG_WARN_RANGE_LOOP_ANALYSIS = YES;
				CLANG_WARN_STRICT_PROTOTYPES = YES;
				CLANG_WARN_SUSPICIOUS_MOVE = YES;
				CLANG_WARN_UNGUARDED_AVAILABILITY = YES_AGGRESSIVE;
				CLANG_WARN_UNREACHABLE_CODE = YES;
				CLANG_WARN__DUPLICATE_METHOD_MATCH = YES;
				CODE_SIGN_IDENTITY = "iPhone Developer";
				COPY_PHASE_STRIP = NO;
				DEBUG_INFORMATION_FORMAT = "dwarf-with-dsym";
				ENABLE_NS_ASSERTIONS = NO;
				ENABLE_STRICT_OBJC_MSGSEND = YES;
				GCC_C_LANGUAGE_STANDARD = gnu11;
				GCC_NO_COMMON_BLOCKS = YES;
				GCC_WARN_64_TO_32_BIT_CONVERSION = YES;
				GCC_WARN_ABOUT_RETURN_TYPE = YES_ERROR;
				GCC_WARN_UNDECLARED_SELECTOR = YES;
				GCC_WARN_UNINITIALIZED_AUTOS = YES_AGGRESSIVE;
				GCC_WARN_UNUSED_FUNCTION = YES;
				GCC_WARN_UNUSED_VARIABLE = YES;
				IPHONEOS_DEPLOYMENT_TARGET = 11.3;
				MTL_ENABLE_DEBUG_INFO = NO;
				SDKROOT = iphoneos;
				SWIFT_COMPILATION_MODE = wholemodule;
				SWIFT_OPTIMIZATION_LEVEL = "-O";
				VALIDATE_PRODUCT = YES;
			};
			name = Release;
		};
		CFC4E27520973FCD009943C5 /* Debug */ = {
			isa = XCBuildConfiguration;
			buildSettings = {
				ASSETCATALOG_COMPILER_APPICON_NAME = AppIcon;
				CODE_SIGN_STYLE = Automatic;
				DEVELOPMENT_TEAM = ST86465J9A;
				INFOPLIST_FILE = MRMini/Info.plist;
				IPHONEOS_DEPLOYMENT_TARGET = 11.0;
				LD_RUNPATH_SEARCH_PATHS = (
					"$(inherited)",
					"@executable_path/Frameworks",
				);
				PRODUCT_BUNDLE_IDENTIFIER = com.mehdi.MRMini;
				PRODUCT_NAME = "$(TARGET_NAME)";
				SWIFT_VERSION = 4.0;
				TARGETED_DEVICE_FAMILY = "1,2";
			};
			name = Debug;
		};
		CFC4E27620973FCD009943C5 /* Release */ = {
			isa = XCBuildConfiguration;
			buildSettings = {
				ASSETCATALOG_COMPILER_APPICON_NAME = AppIcon;
				CODE_SIGN_STYLE = Automatic;
				DEVELOPMENT_TEAM = ST86465J9A;
				INFOPLIST_FILE = MRMini/Info.plist;
				IPHONEOS_DEPLOYMENT_TARGET = 11.0;
				LD_RUNPATH_SEARCH_PATHS = (
					"$(inherited)",
					"@executable_path/Frameworks",
				);
				PRODUCT_BUNDLE_IDENTIFIER = com.mehdi.MRMini;
				PRODUCT_NAME = "$(TARGET_NAME)";
				SWIFT_VERSION = 4.0;
				TARGETED_DEVICE_FAMILY = "1,2";
			};
			name = Release;
		};
		CFC4E27820973FCD009943C5 /* Debug */ = {
			isa = XCBuildConfiguration;
			buildSettings = {
				ALWAYS_EMBED_SWIFT_STANDARD_LIBRARIES = YES;
				BUNDLE_LOADER = "$(TEST_HOST)";
				CODE_SIGN_STYLE = Automatic;
				INFOPLIST_FILE = MRMiniTests/Info.plist;
				LD_RUNPATH_SEARCH_PATHS = (
					"$(inherited)",
					"@executable_path/Frameworks",
					"@loader_path/Frameworks",
				);
				PRODUCT_BUNDLE_IDENTIFIER = com.mehdi.MRMiniTests;
				PRODUCT_NAME = "$(TARGET_NAME)";
				SWIFT_VERSION = 4.0;
				TARGETED_DEVICE_FAMILY = "1,2";
				TEST_HOST = "$(BUILT_PRODUCTS_DIR)/MRMini.app/MRMini";
			};
			name = Debug;
		};
		CFC4E27920973FCD009943C5 /* Release */ = {
			isa = XCBuildConfiguration;
			buildSettings = {
				ALWAYS_EMBED_SWIFT_STANDARD_LIBRARIES = YES;
				BUNDLE_LOADER = "$(TEST_HOST)";
				CODE_SIGN_STYLE = Automatic;
				INFOPLIST_FILE = MRMiniTests/Info.plist;
				LD_RUNPATH_SEARCH_PATHS = (
					"$(inherited)",
					"@executable_path/Frameworks",
					"@loader_path/Frameworks",
				);
				PRODUCT_BUNDLE_IDENTIFIER = com.mehdi.MRMiniTests;
				PRODUCT_NAME = "$(TARGET_NAME)";
				SWIFT_VERSION = 4.0;
				TARGETED_DEVICE_FAMILY = "1,2";
				TEST_HOST = "$(BUILT_PRODUCTS_DIR)/MRMini.app/MRMini";
			};
			name = Release;
		};
		CFC4E27B20973FCD009943C5 /* Debug */ = {
			isa = XCBuildConfiguration;
			buildSettings = {
				ALWAYS_EMBED_SWIFT_STANDARD_LIBRARIES = YES;
				CODE_SIGN_STYLE = Automatic;
				INFOPLIST_FILE = MRMiniUITests/Info.plist;
				LD_RUNPATH_SEARCH_PATHS = (
					"$(inherited)",
					"@executable_path/Frameworks",
					"@loader_path/Frameworks",
				);
				PRODUCT_BUNDLE_IDENTIFIER = com.mehdi.MRMiniUITests;
				PRODUCT_NAME = "$(TARGET_NAME)";
				SWIFT_VERSION = 4.0;
				TARGETED_DEVICE_FAMILY = "1,2";
				TEST_TARGET_NAME = MRMini;
			};
			name = Debug;
		};
		CFC4E27C20973FCD009943C5 /* Release */ = {
			isa = XCBuildConfiguration;
			buildSettings = {
				ALWAYS_EMBED_SWIFT_STANDARD_LIBRARIES = YES;
				CODE_SIGN_STYLE = Automatic;
				INFOPLIST_FILE = MRMiniUITests/Info.plist;
				LD_RUNPATH_SEARCH_PATHS = (
					"$(inherited)",
					"@executable_path/Frameworks",
					"@loader_path/Frameworks",
				);
				PRODUCT_BUNDLE_IDENTIFIER = com.mehdi.MRMiniUITests;
				PRODUCT_NAME = "$(TARGET_NAME)";
				SWIFT_VERSION = 4.0;
				TARGETED_DEVICE_FAMILY = "1,2";
				TEST_TARGET_NAME = MRMini;
			};
			name = Release;
		};
/* End XCBuildConfiguration section */

/* Begin XCConfigurationList section */
		CFC4E24720973FCC009943C5 /* Build configuration list for PBXProject "MRMini" */ = {
			isa = XCConfigurationList;
			buildConfigurations = (
				CFC4E27220973FCD009943C5 /* Debug */,
				CFC4E27320973FCD009943C5 /* Release */,
			);
			defaultConfigurationIsVisible = 0;
			defaultConfigurationName = Release;
		};
		CFC4E27420973FCD009943C5 /* Build configuration list for PBXNativeTarget "MRMini" */ = {
			isa = XCConfigurationList;
			buildConfigurations = (
				CFC4E27520973FCD009943C5 /* Debug */,
				CFC4E27620973FCD009943C5 /* Release */,
			);
			defaultConfigurationIsVisible = 0;
			defaultConfigurationName = Release;
		};
		CFC4E27720973FCD009943C5 /* Build configuration list for PBXNativeTarget "MRMiniTests" */ = {
			isa = XCConfigurationList;
			buildConfigurations = (
				CFC4E27820973FCD009943C5 /* Debug */,
				CFC4E27920973FCD009943C5 /* Release */,
			);
			defaultConfigurationIsVisible = 0;
			defaultConfigurationName = Release;
		};
		CFC4E27A20973FCD009943C5 /* Build configuration list for PBXNativeTarget "MRMiniUITests" */ = {
			isa = XCConfigurationList;
			buildConfigurations = (
				CFC4E27B20973FCD009943C5 /* Debug */,
				CFC4E27C20973FCD009943C5 /* Release */,
			);
			defaultConfigurationIsVisible = 0;
			defaultConfigurationName = Release;
		};
/* End XCConfigurationList section */
	};
	rootObject = CFC4E24420973FCC009943C5 /* Project object */;
}
